
Microsoft Visual Studio Solution File, Format Version 12.00
# Visual Studio 15
VisualStudioVersion = 15.0.28307.271
MinimumVisualStudioVersion = 10.0.40219.1
Project("{8BC9CEB8-8B4A-11D0-8D11-00A0C91BC942}") = "tiny_csv_parser", "tiny_csv_parser.vcxproj", "{0BAF6EE9-DBD7-425B-AAC6-3804F963721E}"
EndProject
Global
	GlobalSection(SolutionConfigurationPlatforms) = preSolution
		Debug|x64 = Debug|x64
		Debug|x86 = Debug|x86
		Release|x64 = Release|x64
		Release|x86 = Release|x86
	EndGlobalSection
	GlobalSection(ProjectConfigurationPlatforms) = postSolution
		{0BAF6EE9-DBD7-425B-AAC6-3804F963721E}.Debug|x64.ActiveCfg = Debug|x64
		{0BAF6EE9-DBD7-425B-AAC6-3804F963721E}.Debug|x64.Build.0 = Debug|x64
		{0BAF6EE9-DBD7-425B-AAC6-3804F963721E}.Debug|x86.ActiveCfg = Debug|Win32
		{0BAF6EE9-DBD7-425B-AAC6-3804F963721E}.Debug|x86.Build.0 = Debug|Win32
		{0BAF6EE9-DBD7-425B-AAC6-3804F963721E}.Release|x64.ActiveCfg = Release|x64
		{0BAF6EE9-DBD7-425B-AAC6-3804F963721E}.Release|x64.Build.0 = Release|x64
		{0BAF6EE9-DBD7-425B-AAC6-3804F963721E}.Release|x86.ActiveCfg = Release|Win32
		{0BAF6EE9-DBD7-425B-AAC6-3804F963721E}.Release|x86.Build.0 = Release|Win32
	EndGlobalSection
	GlobalSection(SolutionProperties) = preSolution
		HideSolutionNode = FALSE
	EndGlobalSection
	GlobalSection(ExtensibilityGlobals) = postSolution
		SolutionGuid = {17C69D19-F649-4FD6-A90F-34BF416A2D2B}
	EndGlobalSection
EndGlobal
